
Microsoft Visual Studio Solution File, Format Version 12.00
# Visual Studio 15
VisualStudioVersion = 15.0.27703.2035
MinimumVisualStudioVersion = 10.0.40219.1
Project("{FAE04EC0-301F-11D3-BF4B-00C04F79EFBC}") = "RestApi.Basic", "RestApi.Basic\RestApi.Basic.csproj", "{79CAF7FB-0A1E-45BC-B306-9E5D0EB747C3}"
EndProject
Project("{FAE04EC0-301F-11D3-BF4B-00C04F79EFBC}") = "Tests", "Tests\Tests.csproj", "{21394A90-E8D8-487D-9978-8119941ACBAC}"
EndProject
Global
	GlobalSection(SolutionConfigurationPlatforms) = preSolution
		Debug|Any CPU = Debug|Any CPU
		Release|Any CPU = Release|Any CPU
	EndGlobalSection
	GlobalSection(ProjectConfigurationPlatforms) = postSolution
		{79CAF7FB-0A1E-45BC-B306-9E5D0EB747C3}.Debug|Any CPU.ActiveCfg = Debug|Any CPU
		{79CAF7FB-0A1E-45BC-B306-9E5D0EB747C3}.Debug|Any CPU.Build.0 = Debug|Any CPU
		{79CAF7FB-0A1E-45BC-B306-9E5D0EB747C3}.Release|Any CPU.ActiveCfg = Release|Any CPU
		{79CAF7FB-0A1E-45BC-B306-9E5D0EB747C3}.Release|Any CPU.Build.0 = Release|Any CPU
		{21394A90-E8D8-487D-9978-8119941ACBAC}.Debug|Any CPU.ActiveCfg = Debug|Any CPU
		{21394A90-E8D8-487D-9978-8119941ACBAC}.Debug|Any CPU.Build.0 = Debug|Any CPU
		{21394A90-E8D8-487D-9978-8119941ACBAC}.Release|Any CPU.ActiveCfg = Release|Any CPU
		{21394A90-E8D8-487D-9978-8119941ACBAC}.Release|Any CPU.Build.0 = Release|Any CPU
	EndGlobalSection
	GlobalSection(SolutionProperties) = preSolution
		HideSolutionNode = FALSE
	EndGlobalSection
	GlobalSection(ExtensibilityGlobals) = postSolution
		SolutionGuid = {44F437B0-5DA0-4601-9CD6-F03F3F499897}
	EndGlobalSection
EndGlobal
